# THIS IS AN AUTOGENERATED FILE. DO NOT EDIT THIS FILE DIRECTLY.
# yarn lockfile v1


eth-ens-namehash@^2.0.8:
  version "2.0.8"
  resolved "https://registry.yarnpkg.com/eth-ens-namehash/-/eth-ens-namehash-2.0.8.tgz#229ac46eca86d52e0c991e7cb2aef83ff0f68bcf"
  dependencies:
    idna-uts46-hx "^2.3.1"
    js-sha3 "^0.5.7"

idna-uts46-hx@^2.3.1:
  version "2.3.1"
  resolved "https://registry.yarnpkg.com/idna-uts46-hx/-/idna-uts46-hx-2.3.1.tgz#a1dc5c4df37eee522bf66d969cc980e00e8711f9"
  dependencies:
    punycode "2.1.0"

js-sha3@^0.5.7:
  version "0.5.7"
  resolved "https://registry.yarnpkg.com/js-sha3/-/js-sha3-0.5.7.tgz#0d4ffd8002d5333aabaf4a23eed2f6374c9f28e7"

openzeppelin-solidity@1.10.0:
  version "1.10.0"
  resolved "https://registry.yarnpkg.com/openzeppelin-solidity/-/openzeppelin-solidity-1.10.0.tgz#d77eee6653f5958d051318a61ba0b436f92216c0"

punycode@2.1.0:
  version "2.1.0"
  resolved "https://registry.yarnpkg.com/punycode/-/punycode-2.1.0.tgz#5f863edc89b96db09074bad7947bf09056ca4e7d"
